// !$*UTF8*$!
{
	archiveVersion = 1;
	classes = {
	};
	objectVersion = 77;
	objects = {

/* Begin PBXContainerItemProxy section */
		5E4287532F9C54E300FC1A03 /* PBXContainerItemProxy */ = {
			isa = PBXContainerItemProxy;
			containerPortal = 5E4287392F9C54E100FC1A03 /* Project object */;
			proxyType = 1;
			remoteGlobalIDString = 5E4287402F9C54E100FC1A03;
			remoteInfo = "WCS-Platform";
		};
		5E42875D2F9C54E300FC1A03 /* PBXContainerItemProxy */ = {
			isa = PBXContainerItemProxy;
			containerPortal = 5E4287392F9C54E100FC1A03 /* Project object */;
			proxyType = 1;
			remoteGlobalIDString = 5E4287402F9C54E100FC1A03;
			remoteInfo = "WCS-Platform";
		};
/* End PBXContainerItemProxy section */

/* Begin PBXFileReference section */
		5E4287412F9C54E100FC1A03 /* WCS-Platform.app */ = {isa = PBXFileReference; explicitFileType = wrapper.application; includeInIndex = 0; path = "WCS-Platform.app"; sourceTree = BUILT_PRODUCTS_DIR; };
		5E4287522F9C54E300FC1A03 /* WCS-PlatformTests.xctest */ = {isa = PBXFileReference; explicitFileType = wrapper.cfbundle; includeInIndex = 0; path = "WCS-PlatformTests.xctest"; sourceTree = BUILT_PRODUCTS_DIR; };
		5E42875C2F9C54E300FC1A03 /* WCS-PlatformUITests.xctest */ = {isa = PBXFileReference; explicitFileType = wrapper.cfbundle; includeInIndex = 0; path = "WCS-PlatformUITests.xctest"; sourceTree = BUILT_PRODUCTS_DIR; };
		5E42882C2F9CB71C00FC1A03 /* WCS-Platform.xcodeproj */ = {isa = PBXFileReference; lastKnownFileType = "wrapper.pb-project"; path = "WCS-Platform.xcodeproj"; sourceTree = "<group>"; };
		5E42C4E72F9D320400FC1A03 /* WCS-Platform.xcodeproj */ = {isa = PBXFileReference; lastKnownFileType = "wrapper.pb-project"; path = "WCS-Platform.xcodeproj"; sourceTree = "<group>"; };
/* End PBXFileReference section */

/* Begin PBXFileSystemSynchronizedBuildFileExceptionSet section */
		5E4287642F9C54E300FC1A03 /* Exceptions for "WCS-Platform" folder in "WCS-Platform" target */ = {
			isa = PBXFileSystemSynchronizedBuildFileExceptionSet;
			membershipExceptions = (
				Info.plist,
				Logs,
				LogStoreManifest.plist,
			);
			target = 5E4287402F9C54E100FC1A03 /* WCS-Platform */;
		};
/* End PBXFileSystemSynchronizedBuildFileExceptionSet section */

/* Begin PBXFileSystemSynchronizedRootGroup section */
		5E4287432F9C54E100FC1A03 /* WCS-Platform */ = {
			isa = PBXFileSystemSynchronizedRootGroup;
			exceptions = (
				5E4287642F9C54E300FC1A03 /* Exceptions for "WCS-Platform" folder in "WCS-Platform" target */,
			);
			path = "WCS-Platform";
			sourceTree = "<group>";
		};
		5E4287552F9C54E300FC1A03 /* WCS-PlatformTests */ = {
			isa = PBXFileSystemSynchronizedRootGroup;
			path = "WCS-PlatformTests";
			sourceTree = "<group>";
		};
		5E42875F2F9C54E300FC1A03 /* WCS-PlatformUITests */ = {
			isa = PBXFileSystemSynchronizedRootGroup;
			path = "WCS-PlatformUITests";
			sourceTree = "<group>";
		};
/* End PBXFileSystemSynchronizedRootGroup section */

/* Begin PBXFrameworksBuildPhase section */
		5E42873E2F9C54E100FC1A03 /* Frameworks */ = {
			isa = PBXFrameworksBuildPhase;
			buildActionMask = 2147483647;
			files = (
			);
			runOnlyForDeploymentPostprocessing = 0;
		};
		5E42874F2F9C54E300FC1A03 /* Frameworks */ = {
			isa = PBXFrameworksBuildPhase;
			buildActionMask = 2147483647;
			files = (
			);
			runOnlyForDeploymentPostprocessing = 0;
		};
		5E4287592F9C54E300FC1A03 /* Frameworks */ = {
			isa = PBXFrameworksBuildPhase;
			buildActionMask = 2147483647;
			files = (
			);
			runOnlyForDeploymentPostprocessing = 0;
		};
/* End PBXFrameworksBuildPhase section */

/* Begin PBXGroup section */
		5E4287382F9C54E100FC1A03 = {
			isa = PBXGroup;
			children = (
				5E4287432F9C54E100FC1A03 /* WCS-Platform */,
				5E4287552F9C54E300FC1A03 /* WCS-PlatformTests */,
				5E42875F2F9C54E300FC1A03 /* WCS-PlatformUITests */,
				5E4287422F9C54E100FC1A03 /* Products */,
			);
			sourceTree = "<group>";
		};
		5E4287422F9C54E100FC1A03 /* Products */ = {
			isa = PBXGroup;
			children = (
				5E4287412F9C54E100FC1A03 /* WCS-Platform.app */,
				5E4287522F9C54E300FC1A03 /* WCS-PlatformTests.xctest */,
				5E42875C2F9C54E300FC1A03 /* WCS-PlatformUITests.xctest */,
			);
			name = Products;
			sourceTree = "<group>";
		};
		5E42882D2F9CB71C00FC1A03 /* Products */ = {
			isa = PBXGroup;
			children = (
			);
			name = Products;
			sourceTree = "<group>";
		};
		5E42C4E82F9D320400FC1A03 /* Products */ = {
			isa = PBXGroup;
			children = (
			);
			name = Products;
			sourceTree = "<group>";
		};
/* End PBXGroup section */

/* Begin PBXNativeTarget section */
		5E4287402F9C54E100FC1A03 /* WCS-Platform */ = {
			isa = PBXNativeTarget;
			buildConfigurationList = 5E4287652F9C54E300FC1A03 /* Build configuration list for PBXNativeTarget "WCS-Platform" */;
			buildPhases = (
				5E42873D2F9C54E100FC1A03 /* Sources */,
				5E42873E2F9C54E100FC1A03 /* Frameworks */,
				5E42873F2F9C54E100FC1A03 /* Resources */,
			);
			buildRules = (
			);
			dependencies = (
			);
			fileSystemSynchronizedGroups = (
				5E4287432F9C54E100FC1A03 /* WCS-Platform */,
			);
			name = "WCS-Platform";
			packageProductDependencies = (
			);
			productName = "WCS-Platform";
			productReference = 5E4287412F9C54E100FC1A03 /* WCS-Platform.app */;
			productType = "com.apple.product-type.application";
		};
		5E4287512F9C54E300FC1A03 /* WCS-PlatformTests */ = {
			isa = PBXNativeTarget;
			buildConfigurationList = 5E42876A2F9C54E300FC1A03 /* Build configuration list for PBXNativeTarget "WCS-PlatformTests" */;
			buildPhases = (
				5E42874E2F9C54E300FC1A03 /* Sources */,
				5E42874F2F9C54E300FC1A03 /* Frameworks */,
				5E4287502F9C54E300FC1A03 /* Resources */,
			);
			buildRules = (
			);
			dependencies = (
				5E4287542F9C54E300FC1A03 /* PBXTargetDependency */,
			);
			fileSystemSynchronizedGroups = (
				5E4287552F9C54E300FC1A03 /* WCS-PlatformTests */,
			);
			name = "WCS-PlatformTests";
			packageProductDependencies = (
			);
			productName = "WCS-PlatformTests";
			productReference = 5E4287522F9C54E300FC1A03 /* WCS-PlatformTests.xctest */;
			productType = "com.apple.product-type.bundle.unit-test";
		};
		5E42875B2F9C54E300FC1A03 /* WCS-PlatformUITests */ = {
			isa = PBXNativeTarget;
			buildConfigurationList = 5E42876D2F9C54E300FC1A03 /* Build configuration list for PBXNativeTarget "WCS-PlatformUITests" */;
			buildPhases = (
				5E4287582F9C54E300FC1A03 /* Sources */,
				5E4287592F9C54E300FC1A03 /* Frameworks */,
				5E42875A2F9C54E300FC1A03 /* Resources */,
			);
			buildRules = (
			);
			dependencies = (
				5E42875E2F9C54E300FC1A03 /* PBXTargetDependency */,
			);
			fileSystemSynchronizedGroups = (
				5E42875F2F9C54E300FC1A03 /* WCS-PlatformUITests */,
			);
			name = "WCS-PlatformUITests";
			packageProductDependencies = (
			);
			productName = "WCS-PlatformUITests";
			productReference = 5E42875C2F9C54E300FC1A03 /* WCS-PlatformUITests.xctest */;
			productType = "com.apple.product-type.bundle.ui-testing";
		};
/* End PBXNativeTarget section */

/* Begin PBXProject section */
		5E4287392F9C54E100FC1A03 /* Project object */ = {
			isa = PBXProject;
			attributes = {
				BuildIndependentTargetsInParallel = 1;
				LastSwiftUpdateCheck = 2640;
				LastUpgradeCheck = 2640;
				TargetAttributes = {
					5E4287402F9C54E100FC1A03 = {
						CreatedOnToolsVersion = 26.4.1;
					};
					5E4287512F9C54E300FC1A03 = {
						CreatedOnToolsVersion = 26.4.1;
						TestTargetID = 5E4287402F9C54E100FC1A03;
					};
					5E42875B2F9C54E300FC1A03 = {
						CreatedOnToolsVersion = 26.4.1;
						TestTargetID = 5E4287402F9C54E100FC1A03;
					};
				};
			};
			buildConfigurationList = 5E42873C2F9C54E100FC1A03 /* Build configuration list for PBXProject "WCS-Platform" */;
			developmentRegion = en;
			hasScannedForEncodings = 0;
			knownRegions = (
				en,
				Base,
			);
			mainGroup = 5E4287382F9C54E100FC1A03;
			minimizedProjectReferenceProxies = 1;
			preferredProjectObjectVersion = 77;
			productRefGroup = 5E4287422F9C54E100FC1A03 /* Products */;
			projectDirPath = "";
			projectReferences = (
				{
					ProductGroup = 5E42C4E82F9D320400FC1A03 /* Products */;
					ProjectRef = 5E42C4E72F9D320400FC1A03 /* WCS-Platform.xcodeproj */;
				},
				{
					ProductGroup = 5E42882D2F9CB71C00FC1A03 /* Products */;
					ProjectRef = 5E42882C2F9CB71C00FC1A03 /* WCS-Platform.xcodeproj */;
				},
			);
			projectRoot = "";
			targets = (
				5E4287402F9C54E100FC1A03 /* WCS-Platform */,
				5E4287512F9C54E300FC1A03 /* WCS-PlatformTests */,
				5E42875B2F9C54E300FC1A03 /* WCS-PlatformUITests */,
			);
		};
/* End PBXProject section */

/* Begin PBXResourcesBuildPhase section */
		5E42873F2F9C54E100FC1A03 /* Resources */ = {
			isa = PBXResourcesBuildPhase;
			buildActionMask = 2147483647;
			files = (
			);
			runOnlyForDeploymentPostprocessing = 0;
		};
		5E4287502F9C54E300FC1A03 /* Resources */ = {
			isa = PBXResourcesBuildPhase;
			buildActionMask = 2147483647;
			files = (
			);
			runOnlyForDeploymentPostprocessing = 0;
		};
		5E42875A2F9C54E300FC1A03 /* Resources */ = {
			isa = PBXResourcesBuildPhase;
			buildActionMask = 2147483647;
			files = (
			);
			runOnlyForDeploymentPostprocessing = 0;
		};
/* End PBXResourcesBuildPhase section */

/* Begin PBXSourcesBuildPhase section */
		5E42873D2F9C54E100FC1A03 /* Sources */ = {
			isa = PBXSourcesBuildPhase;
			buildActionMask = 2147483647;
			files = (
			);
			runOnlyForDeploymentPostprocessing = 0;
		};
		5E42874E2F9C54E300FC1A03 /* Sources */ = {
			isa = PBXSourcesBuildPhase;
			buildActionMask = 2147483647;
			files = (
			);
			runOnlyForDeploymentPostprocessing = 0;
		};
		5E4287582F9C54E300FC1A03 /* Sources */ = {
			isa = PBXSourcesBuildPhase;
			buildActionMask = 2147483647;
			files = (
			);
			runOnlyForDeploymentPostprocessing = 0;
		};
/* End PBXSourcesBuildPhase section */

/* Begin PBXTargetDependency section */
		5E4287542F9C54E300FC1A03 /* PBXTargetDependency */ = {
			isa = PBXTargetDependency;
			target = 5E4287402F9C54E100FC1A03 /* WCS-Platform */;
			targetProxy = 5E4287532F9C54E300FC1A03 /* PBXContainerItemProxy */;
		};
		5E42875E2F9C54E300FC1A03 /* PBXTargetDependency */ = {
			isa = PBXTargetDependency;
			target = 5E4287402F9C54E100FC1A03 /* WCS-Platform */;
			targetProxy = 5E42875D2F9C54E300FC1A03 /* PBXContainerItemProxy */;
		};
/* End PBXTargetDependency section */

/* Begin XCBuildConfiguration section */
		5E4287662F9C54E300FC1A03 /* Debug */ = {
			isa = XCBuildConfiguration;
			buildSettings = {
				ASSETCATALOG_COMPILER_APPICON_NAME = AppIcon;
				ASSETCATALOG_COMPILER_GLOBAL_ACCENT_COLOR_NAME = AccentColor;
				BUILD_DIR = "$(DERIVED_DATA_DIR)/Build";
				CODE_SIGN_ENTITLEMENTS = "WCS-Platform/WCS_Platform.entitlements";
				CODE_SIGN_STYLE = Automatic;
				CURRENT_PROJECT_VERSION = 4;
				DEVELOPMENT_TEAM = TM2WG7HH96;
				DOCC_EXTRACT_OBJC_INFO_FOR_DOCUMENTATION = NO;
				DOCC_EXTRACT_SWIFT_INFO_FOR_DOCUMENTATION = NO;
				ENABLE_PREVIEWS = YES;
				GENERATE_INFOPLIST_FILE = YES;
				INFOPLIST_FILE = "WCS-Platform/Info.plist";
				INFOPLIST_KEY_UIApplicationSceneManifest_Generation = YES;
				INFOPLIST_KEY_UIApplicationSupportsIndirectInputEvents = YES;
				INFOPLIST_KEY_UILaunchScreen_Generation = YES;
				INFOPLIST_KEY_UISupportedInterfaceOrientations_iPad = "UIInterfaceOrientationPortrait UIInterfaceOrientationPortraitUpsideDown UIInterfaceOrientationLandscapeLeft UIInterfaceOrientationLandscapeRight";
				INFOPLIST_KEY_UISupportedInterfaceOrientations_iPhone = "UIInterfaceOrientationPortrait UIInterfaceOrientationLandscapeLeft UIInterfaceOrientationLandscapeRight";
				LD_RUNPATH_SEARCH_PATHS = (
					"$(inherited)",
					"@executable_path/Frameworks",
				);
				MARKETING_VERSION = 1.0.1;
				OBJROOT = "$(BUILD_DIR)/Intermediates.noindex";
				PRODUCT_BUNDLE_IDENTIFIER = "wcs.WCS-Platform";
				PRODUCT_NAME = "$(TARGET_NAME)";
				STRING_CATALOG_GENERATE_SYMBOLS = YES;
				SWIFT_APPROACHABLE_CONCURRENCY = YES;
				SWIFT_DEFAULT_ACTOR_ISOLATION = MainActor;
				SWIFT_EMIT_LOC_STRINGS = YES;
				SWIFT_UPCOMING_FEATURE_MEMBER_IMPORT_VISIBILITY = YES;
				SWIFT_VERSION = 5.0;
				SYMROOT = "$(BUILD_DIR)/Products";
				TARGETED_DEVICE_FAMILY = "1,2";
			};
			name = Debug;
		};
		5E4287672F9C54E300FC1A03 /* Release */ = {
			isa = XCBuildConfiguration;
			buildSettings = {
				ASSETCATALOG_COMPILER_APPICON_NAME = AppIcon;
				ASSETCATALOG_COMPILER_GLOBAL_ACCENT_COLOR_NAME = AccentColor;
				BUILD_DIR = "$(DERIVED_DATA_DIR)/Build";
				CODE_SIGN_ENTITLEMENTS = "WCS-Platform/WCS_Platform.entitlements";
				CODE_SIGN_STYLE = Automatic;
				CURRENT_PROJECT_VERSION = 4;
				DEVELOPMENT_TEAM = TM2WG7HH96;
				DOCC_EXTRACT_OBJC_INFO_FOR_DOCUMENTATION = NO;
				DOCC_EXTRACT_SWIFT_INFO_FOR_DOCUMENTATION = NO;
				ENABLE_PREVIEWS = YES;
				GENERATE_INFOPLIST_FILE = YES;
				INFOPLIST_FILE = "WCS-Platform/Info.plist";
				INFOPLIST_KEY_UIApplicationSceneManifest_Generation = YES;
				INFOPLIST_KEY_UIApplicationSupportsIndirectInputEvents = YES;
				INFOPLIST_KEY_UILaunchScreen_Generation = YES;
				INFOPLIST_KEY_UISupportedInterfaceOrientations_iPad = "UIInterfaceOrientationPortrait UIInterfaceOrientationPortraitUpsideDown UIInterfaceOrientationLandscapeLeft UIInterfaceOrientationLandscapeRight";
				INFOPLIST_KEY_UISupportedInterfaceOrientations_iPhone = "UIInterfaceOrientationPortrait UIInterfaceOrientationLandscapeLeft UIInterfaceOrientationLandscapeRight";
				LD_RUNPATH_SEARCH_PATHS = (
					"$(inherited)",
					"@executable_path/Frameworks",
				);
				MARKETING_VERSION = 1.0.1;
				OBJROOT = "$(BUILD_DIR)/Intermediates.noindex";
				PRODUCT_BUNDLE_IDENTIFIER = "wcs.WCS-Platform";
				PRODUCT_NAME = "$(TARGET_NAME)";
				STRING_CATALOG_GENERATE_SYMBOLS = YES;
				SWIFT_APPROACHABLE_CONCURRENCY = YES;
				SWIFT_DEFAULT_ACTOR_ISOLATION = MainActor;
				SWIFT_EMIT_LOC_STRINGS = YES;
				SWIFT_UPCOMING_FEATURE_MEMBER_IMPORT_VISIBILITY = YES;
				SWIFT_VERSION = 5.0;
				SYMROOT = "$(BUILD_DIR)/Products";
				TARGETED_DEVICE_FAMILY = "1,2";
			};
			name = Release;
		};
		5E4287682F9C54E300FC1A03 /* Debug */ = {
			isa = XCBuildConfiguration;
			buildSettings = {
				ALWAYS_SEARCH_USER_PATHS = NO;
				ASSETCATALOG_COMPILER_GENERATE_SWIFT_ASSET_SYMBOL_EXTENSIONS = YES;
				BUILD_DIR = "$(DERIVED_DATA_DIR)/Build";
				CLANG_ANALYZER_NONNULL = YES;
				CLANG_ANALYZER_NUMBER_OBJECT_CONVERSION = YES_AGGRESSIVE;
				CLANG_CXX_LANGUAGE_STANDARD = "gnu++20";
				CLANG_ENABLE_MODULES = YES;
				CLANG_ENABLE_OBJC_ARC = YES;
				CLANG_ENABLE_OBJC_WEAK = YES;
				CLANG_WARN_BLOCK_CAPTURE_AUTORELEASING = YES;
				CLANG_WARN_BOOL_CONVERSION = YES;
				CLANG_WARN_COMMA = YES;
				CLANG_WARN_CONSTANT_CONVERSION = YES;
				CLANG_WARN_DEPRECATED_OBJC_IMPLEMENTATIONS = YES;
				CLANG_WARN_DIRECT_OBJC_ISA_USAGE = YES_ERROR;
				CLANG_WARN_DOCUMENTATION_COMMENTS = YES;
				CLANG_WARN_EMPTY_BODY = YES;
				CLANG_WARN_ENUM_CONVERSION = YES;
				CLANG_WARN_INFINITE_RECURSION = YES;
				CLANG_WARN_INT_CONVERSION = YES;
				CLANG_WARN_NON_LITERAL_NULL_CONVERSION = YES;
				CLANG_WARN_OBJC_IMPLICIT_RETAIN_SELF = YES;
				CLANG_WARN_OBJC_LITERAL_CONVERSION = YES;
				CLANG_WARN_OBJC_ROOT_CLASS = YES_ERROR;
				CLANG_WARN_QUOTED_INCLUDE_IN_FRAMEWORK_HEADER = YES;
				CLANG_WARN_RANGE_LOOP_ANALYSIS = YES;
				CLANG_WARN_STRICT_PROTOTYPES = YES;
				CLANG_WARN_SUSPICIOUS_MOVE = YES;
				CLANG_WARN_UNGUARDED_AVAILABILITY = YES_AGGRESSIVE;
				CLANG_WARN_UNREACHABLE_CODE = YES;
				CLANG_WARN__DUPLICATE_METHOD_MATCH = YES;
				COPY_PHASE_STRIP = NO;
				DEBUG_INFORMATION_FORMAT = dwarf;
				DEVELOPMENT_TEAM = TM2WG7HH96;
				ENABLE_STRICT_OBJC_MSGSEND = YES;
				ENABLE_TESTABILITY = YES;
				ENABLE_USER_SCRIPT_SANDBOXING = YES;
				GCC_C_LANGUAGE_STANDARD = gnu17;
				GCC_DYNAMIC_NO_PIC = NO;
				GCC_NO_COMMON_BLOCKS = YES;
				GCC_OPTIMIZATION_LEVEL = 0;
				GCC_PREPROCESSOR_DEFINITIONS = (
					"DEBUG=1",
					"$(inherited)",
				);
				GCC_WARN_64_TO_32_BIT_CONVERSION = YES;
				GCC_WARN_ABOUT_RETURN_TYPE = YES_ERROR;
				GCC_WARN_UNDECLARED_SELECTOR = YES;
				GCC_WARN_UNINITIALIZED_AUTOS = YES_AGGRESSIVE;
				GCC_WARN_UNUSED_FUNCTION = YES;
				GCC_WARN_UNUSED_VARIABLE = YES;
				IPHONEOS_DEPLOYMENT_TARGET = 26.4;
				LOCALIZATION_PREFERS_STRING_CATALOGS = YES;
				MTL_ENABLE_DEBUG_INFO = INCLUDE_SOURCE;
				MTL_FAST_MATH = YES;
				OBJROOT = "$(BUILD_DIR)/Intermediates.noindex";
				ONLY_ACTIVE_ARCH = YES;
				SDKROOT = iphoneos;
				SWIFT_ACTIVE_COMPILATION_CONDITIONS = "DEBUG $(inherited)";
				SWIFT_OPTIMIZATION_LEVEL = "-Onone";
				SYMROOT = "$(BUILD_DIR)/Products";
			};
			name = Debug;
		};
		5E4287692F9C54E300FC1A03 /* Release */ = {
			isa = XCBuildConfiguration;
			buildSettings = {
				ALWAYS_SEARCH_USER_PATHS = NO;
				ASSETCATALOG_COMPILER_GENERATE_SWIFT_ASSET_SYMBOL_EXTENSIONS = YES;
				BUILD_DIR = "$(DERIVED_DATA_DIR)/Build";
				CLANG_ANALYZER_NONNULL = YES;
				CLANG_ANALYZER_NUMBER_OBJECT_CONVERSION = YES_AGGRESSIVE;
				CLANG_CXX_LANGUAGE_STANDARD = "gnu++20";
				CLANG_ENABLE_MODULES = YES;
				CLANG_ENABLE_OBJC_ARC = YES;
				CLANG_ENABLE_OBJC_WEAK = YES;
				CLANG_WARN_BLOCK_CAPTURE_AUTORELEASING = YES;
				CLANG_WARN_BOOL_CONVERSION = YES;
				CLANG_WARN_COMMA = YES;
				CLANG_WARN_CONSTANT_CONVERSION = YES;
				CLANG_WARN_DEPRECATED_OBJC_IMPLEMENTATIONS = YES;
				CLANG_WARN_DIRECT_OBJC_ISA_USAGE = YES_ERROR;
				CLANG_WARN_DOCUMENTATION_COMMENTS = YES;
				CLANG_WARN_EMPTY_BODY = YES;
				CLANG_WARN_ENUM_CONVERSION = YES;
				CLANG_WARN_INFINITE_RECURSION = YES;
				CLANG_WARN_INT_CONVERSION = YES;
				CLANG_WARN_NON_LITERAL_NULL_CONVERSION = YES;
				CLANG_WARN_OBJC_IMPLICIT_RETAIN_SELF = YES;
				CLANG_WARN_OBJC_LITERAL_CONVERSION = YES;
				CLANG_WARN_OBJC_ROOT_CLASS = YES_ERROR;
				CLANG_WARN_QUOTED_INCLUDE_IN_FRAMEWORK_HEADER = YES;
				CLANG_WARN_RANGE_LOOP_ANALYSIS = YES;
				CLANG_WARN_STRICT_PROTOTYPES = YES;
				CLANG_WARN_SUSPICIOUS_MOVE = YES;
				CLANG_WARN_UNGUARDED_AVAILABILITY = YES_AGGRESSIVE;
				CLANG_WARN_UNREACHABLE_CODE = YES;
				CLANG_WARN__DUPLICATE_METHOD_MATCH = YES;
				COPY_PHASE_STRIP = NO;
				DEBUG_INFORMATION_FORMAT = "dwarf-with-dsym";
				DEVELOPMENT_TEAM = TM2WG7HH96;
				ENABLE_NS_ASSERTIONS = NO;
				ENABLE_STRICT_OBJC_MSGSEND = YES;
				ENABLE_USER_SCRIPT_SANDBOXING = YES;
				GCC_C_LANGUAGE_STANDARD = gnu17;
				GCC_NO_COMMON_BLOCKS = YES;
				GCC_WARN_64_TO_32_BIT_CONVERSION = YES;
				GCC_WARN_ABOUT_RETURN_TYPE = YES_ERROR;
				GCC_WARN_UNDECLARED_SELECTOR = YES;
				GCC_WARN_UNINITIALIZED_AUTOS = YES_AGGRESSIVE;
				GCC_WARN_UNUSED_FUNCTION = YES;
				GCC_WARN_UNUSED_VARIABLE = YES;
				IPHONEOS_DEPLOYMENT_TARGET = 26.4;
				LOCALIZATION_PREFERS_STRING_CATALOGS = YES;
				MTL_ENABLE_DEBUG_INFO = NO;
				MTL_FAST_MATH = YES;
				OBJROOT = "$(BUILD_DIR)/Intermediates.noindex";
				SDKROOT = iphoneos;
				SWIFT_COMPILATION_MODE = wholemodule;
				SYMROOT = "$(BUILD_DIR)/Products";
				VALIDATE_PRODUCT = YES;
			};
			name = Release;
		};
		5E42876B2F9C54E300FC1A03 /* Debug */ = {
			isa = XCBuildConfiguration;
			buildSettings = {
				BUNDLE_LOADER = "$(TEST_HOST)";
				CODE_SIGN_STYLE = Automatic;
				CURRENT_PROJECT_VERSION = 4;
				DEVELOPMENT_TEAM = TM2WG7HH96;
				GENERATE_INFOPLIST_FILE = YES;
				IPHONEOS_DEPLOYMENT_TARGET = 26.4;
				MARKETING_VERSION = 1.0.1;
				PRODUCT_BUNDLE_IDENTIFIER = "wcs.WCS-PlatformTests";
				PRODUCT_NAME = "$(TARGET_NAME)";
				STRING_CATALOG_GENERATE_SYMBOLS = NO;
				SWIFT_APPROACHABLE_CONCURRENCY = YES;
				SWIFT_EMIT_LOC_STRINGS = NO;
				SWIFT_UPCOMING_FEATURE_MEMBER_IMPORT_VISIBILITY = YES;
				SWIFT_VERSION = 5.0;
				TARGETED_DEVICE_FAMILY = "1,2";
				TEST_HOST = "$(BUILT_PRODUCTS_DIR)/WCS-Platform.app/$(BUNDLE_EXECUTABLE_FOLDER_PATH)/WCS-Platform";
			};
			name = Debug;
		};
		5E42876C2F9C54E300FC1A03 /* Release */ = {
			isa = XCBuildConfiguration;
			buildSettings = {
				BUNDLE_LOADER = "$(TEST_HOST)";
				CODE_SIGN_STYLE = Automatic;
				CURRENT_PROJECT_VERSION = 4;
				DEVELOPMENT_TEAM = TM2WG7HH96;
				GENERATE_INFOPLIST_FILE = YES;
				IPHONEOS_DEPLOYMENT_TARGET = 26.4;
				MARKETING_VERSION = 1.0.1;
				PRODUCT_BUNDLE_IDENTIFIER = "wcs.WCS-PlatformTests";
				PRODUCT_NAME = "$(TARGET_NAME)";
				STRING_CATALOG_GENERATE_SYMBOLS = NO;
				SWIFT_APPROACHABLE_CONCURRENCY = YES;
				SWIFT_EMIT_LOC_STRINGS = NO;
				SWIFT_UPCOMING_FEATURE_MEMBER_IMPORT_VISIBILITY = YES;
				SWIFT_VERSION = 5.0;
				TARGETED_DEVICE_FAMILY = "1,2";
				TEST_HOST = "$(BUILT_PRODUCTS_DIR)/WCS-Platform.app/$(BUNDLE_EXECUTABLE_FOLDER_PATH)/WCS-Platform";
			};
			name = Release;
		};
		5E42876E2F9C54E300FC1A03 /* Debug */ = {
			isa = XCBuildConfiguration;
			buildSettings = {
				CODE_SIGN_STYLE = Automatic;
				CURRENT_PROJECT_VERSION = 4;
				DEVELOPMENT_TEAM = TM2WG7HH96;
				GENERATE_INFOPLIST_FILE = YES;
				MARKETING_VERSION = 1.0.1;
				PRODUCT_BUNDLE_IDENTIFIER = "wcs.WCS-PlatformUITests";
				PRODUCT_NAME = "$(TARGET_NAME)";
				STRING_CATALOG_GENERATE_SYMBOLS = NO;
				SWIFT_APPROACHABLE_CONCURRENCY = YES;
				SWIFT_EMIT_LOC_STRINGS = NO;
				SWIFT_UPCOMING_FEATURE_MEMBER_IMPORT_VISIBILITY = YES;
				SWIFT_VERSION = 5.0;
				TARGETED_DEVICE_FAMILY = "1,2";
				TEST_TARGET_NAME = "WCS-Platform";
			};
			name = Debug;
		};
		5E42876F2F9C54E300FC1A03 /* Release */ = {
			isa = XCBuildConfiguration;
			buildSettings = {
				CODE_SIGN_STYLE = Automatic;
				CURRENT_PROJECT_VERSION = 4;
				DEVELOPMENT_TEAM = TM2WG7HH96;
				GENERATE_INFOPLIST_FILE = YES;
				MARKETING_VERSION = 1.0.1;
				PRODUCT_BUNDLE_IDENTIFIER = "wcs.WCS-PlatformUITests";
				PRODUCT_NAME = "$(TARGET_NAME)";
				STRING_CATALOG_GENERATE_SYMBOLS = NO;
				SWIFT_APPROACHABLE_CONCURRENCY = YES;
				SWIFT_EMIT_LOC_STRINGS = NO;
				SWIFT_UPCOMING_FEATURE_MEMBER_IMPORT_VISIBILITY = YES;
				SWIFT_VERSION = 5.0;
				TARGETED_DEVICE_FAMILY = "1,2";
				TEST_TARGET_NAME = "WCS-Platform";
			};
			name = Release;
		};
/* End XCBuildConfiguration section */

/* Begin XCConfigurationList section */
		5E42873C2F9C54E100FC1A03 /* Build configuration list for PBXProject "WCS-Platform" */ = {
			isa = XCConfigurationList;
			buildConfigurations = (
				5E4287682F9C54E300FC1A03 /* Debug */,
				5E4287692F9C54E300FC1A03 /* Release */,
			);
			defaultConfigurationIsVisible = 0;
			defaultConfigurationName = Release;
		};
		5E4287652F9C54E300FC1A03 /* Build configuration list for PBXNativeTarget "WCS-Platform" */ = {
			isa = XCConfigurationList;
			buildConfigurations = (
				5E4287662F9C54E300FC1A03 /* Debug */,
				5E4287672F9C54E300FC1A03 /* Release */,
			);
			defaultConfigurationIsVisible = 0;
			defaultConfigurationName = Release;
		};
		5E42876A2F9C54E300FC1A03 /* Build configuration list for PBXNativeTarget "WCS-PlatformTests" */ = {
			isa = XCConfigurationList;
			buildConfigurations = (
				5E42876B2F9C54E300FC1A03 /* Debug */,
				5E42876C2F9C54E300FC1A03 /* Release */,
			);
			defaultConfigurationIsVisible = 0;
			defaultConfigurationName = Release;
		};
		5E42876D2F9C54E300FC1A03 /* Build configuration list for PBXNativeTarget "WCS-PlatformUITests" */ = {
			isa = XCConfigurationList;
			buildConfigurations = (
				5E42876E2F9C54E300FC1A03 /* Debug */,
				5E42876F2F9C54E300FC1A03 /* Release */,
			);
			defaultConfigurationIsVisible = 0;
			defaultConfigurationName = Release;
		};
/* End XCConfigurationList section */
	};
	rootObject = 5E4287392F9C54E100FC1A03 /* Project object */;
}
